// !$*UTF8*$!
{
	archiveVersion = 1;
	classes = {
	};
	objectVersion = 46;
	objects = {

/* Begin PBXBuildFile section */
		380F51E914A221230013B8A8 /* Deck.m in Sources */ = {isa = PBXBuildFile; fileRef = 380F51E814A221230013B8A8 /* Deck.m */; };
		38DE45F6146A19BC00D54521 /* UIKit.framework in Frameworks */ = {isa = PBXBuildFile; fileRef = 38DE45F5146A19BC00D54521 /* UIKit.framework */; };
		38DE45F8146A19BC00D54521 /* Foundation.framework in Frameworks */ = {isa = PBXBuildFile; fileRef = 38DE45F7146A19BC00D54521 /* Foundation.framework */; };
		38DE45FA146A19BC00D54521 /* CoreGraphics.framework in Frameworks */ = {isa = PBXBuildFile; fileRef = 38DE45F9146A19BC00D54521 /* CoreGraphics.framework */; };
		38DE4600146A19BC00D54521 /* InfoPlist.strings in Resources */ = {isa = PBXBuildFile; fileRef = 38DE45FE146A19BC00D54521 /* InfoPlist.strings */; };
		38DE4602146A19BC00D54521 /* main.m in Sources */ = {isa = PBXBuildFile; fileRef = 38DE4601146A19BC00D54521 /* main.m */; };
		38DE4606146A19BC00D54521 /* BlindMansBluffAppDelegate.m in Sources */ = {isa = PBXBuildFile; fileRef = 38DE4605146A19BC00D54521 /* BlindMansBluffAppDelegate.m */; };
		38DE4609146A19BC00D54521 /* MainWindow.xib in Resources */ = {isa = PBXBuildFile; fileRef = 38DE4607146A19BC00D54521 /* MainWindow.xib */; };
		38DE460C146A19BC00D54521 /* BlindMansBluffViewController.m in Sources */ = {isa = PBXBuildFile; fileRef = 38DE460B146A19BC00D54521 /* BlindMansBluffViewController.m */; };
		38DE460F146A19BC00D54521 /* BlindMansBluffViewController.xib in Resources */ = {isa = PBXBuildFile; fileRef = 38DE460D146A19BC00D54521 /* BlindMansBluffViewController.xib */; };
		38DE4617146A19D600D54521 /* Card.m in Sources */ = {isa = PBXBuildFile; fileRef = 38DE4616146A19D600D54521 /* Card.m */; };
		38EB1AAD156E953C00CB08B9 /* backOfCard.png in Resources */ = {isa = PBXBuildFile; fileRef = 38EB1AAC156E953C00CB08B9 /* backOfCard.png */; };
		C5060E5C15487416004A36E8 /* Player.m in Sources */ = {isa = PBXBuildFile; fileRef = C5060E5B15487416004A36E8 /* Player.m */; };
		C5B859E3155B6C43008403E8 /* Table.jpg in Resources */ = {isa = PBXBuildFile; fileRef = C5B859E2155B6C43008403E8 /* Table.jpg */; };
		C5F75C94155C357A00A9B909 /* -Dice-Poker-Chip-PC-01-.jpg in Resources */ = {isa = PBXBuildFile; fileRef = C5F75C93155C357A00A9B909 /* -Dice-Poker-Chip-PC-01-.jpg */; };
/* End PBXBuildFile section */

/* Begin PBXFileReference section */
		380F51E714A221230013B8A8 /* Deck.h */ = {isa = PBXFileReference; fileEncoding = 4; lastKnownFileType = sourcecode.c.h; path = Deck.h; sourceTree = "<group>"; };
		380F51E814A221230013B8A8 /* Deck.m */ = {isa = PBXFileReference; fileEncoding = 4; lastKnownFileType = sourcecode.c.objc; path = Deck.m; sourceTree = "<group>"; };
		3878018C155C17B500EDDDBD /* cards.png */ = {isa = PBXFileReference; lastKnownFileType = image.png; name = cards.png; path = ../cards.png; sourceTree = "<group>"; };
		38DE45F1146A19BC00D54521 /* BlindMansBluff.app */ = {isa = PBXFileReference; explicitFileType = wrapper.application; includeInIndex = 0; path = BlindMansBluff.app; sourceTree = BUILT_PRODUCTS_DIR; };
		38DE45F5146A19BC00D54521 /* UIKit.framework */ = {isa = PBXFileReference; lastKnownFileType = wrapper.framework; name = UIKit.framework; path = System/Library/Frameworks/UIKit.framework; sourceTree = SDKROOT; };
		38DE45F7146A19BC00D54521 /* Foundation.framework */ = {isa = PBXFileReference; lastKnownFileType = wrapper.framework; name = Foundation.framework; path = System/Library/Frameworks/Foundation.framework; sourceTree = SDKROOT; };
		38DE45F9146A19BC00D54521 /* CoreGraphics.framework */ = {isa = PBXFileReference; lastKnownFileType = wrapper.framework; name = CoreGraphics.framework; path = System/Library/Frameworks/CoreGraphics.framework; sourceTree = SDKROOT; };
		38DE45FD146A19BC00D54521 /* BlindMansBluff-Info.plist */ = {isa = PBXFileReference; lastKnownFileType = text.plist.xml; path = "BlindMansBluff-Info.plist"; sourceTree = "<group>"; };
		38DE45FF146A19BC00D54521 /* en */ = {isa = PBXFileReference; lastKnownFileType = text.plist.strings; name = en; path = en.lproj/InfoPlist.strings; sourceTree = "<group>"; };
		38DE4601146A19BC00D54521 /* main.m */ = {isa = PBXFileReference; lastKnownFileType = sourcecode.c.objc; path = main.m; sourceTree = "<group>"; };
		38DE4603146A19BC00D54521 /* BlindMansBluff-Prefix.pch */ = {isa = PBXFileReference; lastKnownFileType = sourcecode.c.h; path = "BlindMansBluff-Prefix.pch"; sourceTree = "<group>"; };
		38DE4604146A19BC00D54521 /* BlindMansBluffAppDelegate.h */ = {isa = PBXFileReference; lastKnownFileType = sourcecode.c.h; path = BlindMansBluffAppDelegate.h; sourceTree = "<group>"; };
		38DE4605146A19BC00D54521 /* BlindMansBluffAppDelegate.m */ = {isa = PBXFileReference; lastKnownFileType = sourcecode.c.objc; path = BlindMansBluffAppDelegate.m; sourceTree = "<group>"; };
		38DE4608146A19BC00D54521 /* en */ = {isa = PBXFileReference; lastKnownFileType = file.xib; name = en; path = en.lproj/MainWindow.xib; sourceTree = "<group>"; };
		38DE460A146A19BC00D54521 /* BlindMansBluffViewController.h */ = {isa = PBXFileReference; lastKnownFileType = sourcecode.c.h; path = BlindMansBluffViewController.h; sourceTree = "<group>"; };
		38DE460B146A19BC00D54521 /* BlindMansBluffViewController.m */ = {isa = PBXFileReference; lastKnownFileType = sourcecode.c.objc; path = BlindMansBluffViewController.m; sourceTree = "<group>"; };
		38DE460E146A19BC00D54521 /* en */ = {isa = PBXFileReference; lastKnownFileType = file.xib; name = en; path = en.lproj/BlindMansBluffViewController.xib; sourceTree = "<group>"; };
		38DE4615146A19D600D54521 /* Card.h */ = {isa = PBXFileReference; fileEncoding = 4; lastKnownFileType = sourcecode.c.h; path = Card.h; sourceTree = "<group>"; };
		38DE4616146A19D600D54521 /* Card.m */ = {isa = PBXFileReference; fileEncoding = 4; lastKnownFileType = sourcecode.c.objc; path = Card.m; sourceTree = "<group>"; };
		38EB1AAC156E953C00CB08B9 /* backOfCard.png */ = {isa = PBXFileReference; lastKnownFileType = image.png; path = backOfCard.png; sourceTree = "<group>"; };
		C5060E5A15487416004A36E8 /* Player.h */ = {isa = PBXFileReference; fileEncoding = 4; lastKnownFileType = sourcecode.c.h; name = Player.h; path = ../Player.h; sourceTree = "<group>"; };
		C5060E5B15487416004A36E8 /* Player.m */ = {isa = PBXFileReference; fileEncoding = 4; lastKnownFileType = sourcecode.c.objc; name = Player.m; path = ../Player.m; sourceTree = "<group>"; };
		C5B859E2155B6C43008403E8 /* Table.jpg */ = {isa = PBXFileReference; lastKnownFileType = image.jpeg; path = Table.jpg; sourceTree = "<group>"; };
		C5F75C93155C357A00A9B909 /* -Dice-Poker-Chip-PC-01-.jpg */ = {isa = PBXFileReference; lastKnownFileType = image.jpeg; path = "-Dice-Poker-Chip-PC-01-.jpg"; sourceTree = "<group>"; };
/* End PBXFileReference section */

/* Begin PBXFrameworksBuildPhase section */
		38DE45EE146A19BC00D54521 /* Frameworks */ = {
			isa = PBXFrameworksBuildPhase;
			buildActionMask = 2147483647;
			files = (
				38DE45F6146A19BC00D54521 /* UIKit.framework in Frameworks */,
				38DE45F8146A19BC00D54521 /* Foundation.framework in Frameworks */,
				38DE45FA146A19BC00D54521 /* CoreGraphics.framework in Frameworks */,
			);
			runOnlyForDeploymentPostprocessing = 0;
		};
/* End PBXFrameworksBuildPhase section */

/* Begin PBXGroup section */
		38DE45E6146A19BB00D54521 = {
			isa = PBXGroup;
			children = (
				38DE45FB146A19BC00D54521 /* BlindMansBluff */,
				38DE45F4146A19BC00D54521 /* Frameworks */,
				38DE45F2146A19BC00D54521 /* Products */,
			);
			sourceTree = "<group>";
		};
		38DE45F2146A19BC00D54521 /* Products */ = {
			isa = PBXGroup;
			children = (
				38DE45F1146A19BC00D54521 /* BlindMansBluff.app */,
			);
			name = Products;
			sourceTree = "<group>";
		};
		38DE45F4146A19BC00D54521 /* Frameworks */ = {
			isa = PBXGroup;
			children = (
				38DE45F5146A19BC00D54521 /* UIKit.framework */,
				38DE45F7146A19BC00D54521 /* Foundation.framework */,
				38DE45F9146A19BC00D54521 /* CoreGraphics.framework */,
			);
			name = Frameworks;
			sourceTree = "<group>";
		};
		38DE45FB146A19BC00D54521 /* BlindMansBluff */ = {
			isa = PBXGroup;
			children = (
				38DE4615146A19D600D54521 /* Card.h */,
				38DE4616146A19D600D54521 /* Card.m */,
				380F51E714A221230013B8A8 /* Deck.h */,
				380F51E814A221230013B8A8 /* Deck.m */,
				C5060E5A15487416004A36E8 /* Player.h */,
				C5060E5B15487416004A36E8 /* Player.m */,
				38DE4604146A19BC00D54521 /* BlindMansBluffAppDelegate.h */,
				38DE4605146A19BC00D54521 /* BlindMansBluffAppDelegate.m */,
				38DE4607146A19BC00D54521 /* MainWindow.xib */,
				38DE460A146A19BC00D54521 /* BlindMansBluffViewController.h */,
				38DE460B146A19BC00D54521 /* BlindMansBluffViewController.m */,
				38DE460D146A19BC00D54521 /* BlindMansBluffViewController.xib */,
				C5B859E1155B6C43008403E8 /* blindmanimages */,
				38DE45FC146A19BC00D54521 /* Supporting Files */,
			);
			path = BlindMansBluff;
			sourceTree = "<group>";
		};
		38DE45FC146A19BC00D54521 /* Supporting Files */ = {
			isa = PBXGroup;
			children = (
				38DE45FD146A19BC00D54521 /* BlindMansBluff-Info.plist */,
				38DE45FE146A19BC00D54521 /* InfoPlist.strings */,
				38DE4601146A19BC00D54521 /* main.m */,
				38DE4603146A19BC00D54521 /* BlindMansBluff-Prefix.pch */,
			);
			name = "Supporting Files";
			sourceTree = "<group>";
		};
		C5B859E1155B6C43008403E8 /* blindmanimages */ = {
			isa = PBXGroup;
			children = (
				3878018C155C17B500EDDDBD /* cards.png */,
				38EB1AAC156E953C00CB08B9 /* backOfCard.png */,
				C5F75C93155C357A00A9B909 /* -Dice-Poker-Chip-PC-01-.jpg */,
				C5B859E2155B6C43008403E8 /* Table.jpg */,
			);
			path = blindmanimages;
			sourceTree = "<group>";
		};
/* End PBXGroup section */

/* Begin PBXNativeTarget section */
		38DE45F0146A19BC00D54521 /* BlindMansBluff */ = {
			isa = PBXNativeTarget;
			buildConfigurationList = 38DE4612146A19BC00D54521 /* Build configuration list for PBXNativeTarget "BlindMansBluff" */;
			buildPhases = (
				38DE45ED146A19BC00D54521 /* Sources */,
				38DE45EE146A19BC00D54521 /* Frameworks */,
				38DE45EF146A19BC00D54521 /* Resources */,
			);
			buildRules = (
			);
			dependencies = (
			);
			name = BlindMansBluff;
			productName = BlindMansBluff;
			productReference = 38DE45F1146A19BC00D54521 /* BlindMansBluff.app */;
			productType = "com.apple.product-type.application";
		};
/* End PBXNativeTarget section */

/* Begin PBXProject section */
		38DE45E8146A19BB00D54521 /* Project object */ = {
			isa = PBXProject;
			attributes = {
				LastUpgradeCheck = 0430;
			};
			buildConfigurationList = 38DE45EB146A19BB00D54521 /* Build configuration list for PBXProject "BlindMansBluff" */;
			compatibilityVersion = "Xcode 3.2";
			developmentRegion = English;
			hasScannedForEncodings = 0;
			knownRegions = (
				en,
			);
			mainGroup = 38DE45E6146A19BB00D54521;
			productRefGroup = 38DE45F2146A19BC00D54521 /* Products */;
			projectDirPath = "";
			projectRoot = "";
			targets = (
				38DE45F0146A19BC00D54521 /* BlindMansBluff */,
			);
		};
/* End PBXProject section */

/* Begin PBXResourcesBuildPhase section */
		38DE45EF146A19BC00D54521 /* Resources */ = {
			isa = PBXResourcesBuildPhase;
			buildActionMask = 2147483647;
			files = (
				38DE4600146A19BC00D54521 /* InfoPlist.strings in Resources */,
				38DE4609146A19BC00D54521 /* MainWindow.xib in Resources */,
				38DE460F146A19BC00D54521 /* BlindMansBluffViewController.xib in Resources */,
				C5B859E3155B6C43008403E8 /* Table.jpg in Resources */,
				C5F75C94155C357A00A9B909 /* -Dice-Poker-Chip-PC-01-.jpg in Resources */,
				38EB1AAD156E953C00CB08B9 /* backOfCard.png in Resources */,
			);
			runOnlyForDeploymentPostprocessing = 0;
		};
/* End PBXResourcesBuildPhase section */

/* Begin PBXSourcesBuildPhase section */
		38DE45ED146A19BC00D54521 /* Sources */ = {
			isa = PBXSourcesBuildPhase;
			buildActionMask = 2147483647;
			files = (
				38DE4602146A19BC00D54521 /* main.m in Sources */,
				38DE4606146A19BC00D54521 /* BlindMansBluffAppDelegate.m in Sources */,
				38DE460C146A19BC00D54521 /* BlindMansBluffViewController.m in Sources */,
				38DE4617146A19D600D54521 /* Card.m in Sources */,
				380F51E914A221230013B8A8 /* Deck.m in Sources */,
				C5060E5C15487416004A36E8 /* Player.m in Sources */,
			);
			runOnlyForDeploymentPostprocessing = 0;
		};
/* End PBXSourcesBuildPhase section */

/* Begin PBXVariantGroup section */
		38DE45FE146A19BC00D54521 /* InfoPlist.strings */ = {
			isa = PBXVariantGroup;
			children = (
				38DE45FF146A19BC00D54521 /* en */,
			);
			name = InfoPlist.strings;
			sourceTree = "<group>";
		};
		38DE4607146A19BC00D54521 /* MainWindow.xib */ = {
			isa = PBXVariantGroup;
			children = (
				38DE4608146A19BC00D54521 /* en */,
			);
			name = MainWindow.xib;
			sourceTree = "<group>";
		};
		38DE460D146A19BC00D54521 /* BlindMansBluffViewController.xib */ = {
			isa = PBXVariantGroup;
			children = (
				38DE460E146A19BC00D54521 /* en */,
			);
			name = BlindMansBluffViewController.xib;
			sourceTree = "<group>";
		};
/* End PBXVariantGroup section */

/* Begin XCBuildConfiguration section */
		38DE4610146A19BC00D54521 /* Debug */ = {
			isa = XCBuildConfiguration;
			buildSettings = {
				ALWAYS_SEARCH_USER_PATHS = NO;
				ARCHS = "$(ARCHS_UNIVERSAL_IPHONE_OS)";
				"CODE_SIGN_IDENTITY[sdk=iphoneos*]" = "iPhone Developer";
				COPY_PHASE_STRIP = NO;
				GCC_C_LANGUAGE_STANDARD = gnu99;
				GCC_DYNAMIC_NO_PIC = NO;
				GCC_OPTIMIZATION_LEVEL = 0;
				GCC_PREPROCESSOR_DEFINITIONS = (
					"DEBUG=1",
					"$(inherited)",
				);
				GCC_SYMBOLS_PRIVATE_EXTERN = NO;
				GCC_VERSION = com.apple.compilers.llvmgcc42;
				GCC_WARN_ABOUT_MISSING_PROTOTYPES = YES;
				GCC_WARN_ABOUT_RETURN_TYPE = YES;
				GCC_WARN_UNUSED_VARIABLE = YES;
				IPHONEOS_DEPLOYMENT_TARGET = 4.3;
				SDKROOT = iphoneos;
				TARGETED_DEVICE_FAMILY = 2;
			};
			name = Debug;
		};
		38DE4611146A19BC00D54521 /* Release */ = {
			isa = XCBuildConfiguration;
			buildSettings = {
				ALWAYS_SEARCH_USER_PATHS = NO;
				ARCHS = "$(ARCHS_UNIVERSAL_IPHONE_OS)";
				"CODE_SIGN_IDENTITY[sdk=iphoneos*]" = "iPhone Developer";
				COPY_PHASE_STRIP = YES;
				GCC_C_LANGUAGE_STANDARD = gnu99;
				GCC_VERSION = com.apple.compilers.llvmgcc42;
				GCC_WARN_ABOUT_MISSING_PROTOTYPES = YES;
				GCC_WARN_ABOUT_RETURN_TYPE = YES;
				GCC_WARN_UNUSED_VARIABLE = YES;
				IPHONEOS_DEPLOYMENT_TARGET = 4.3;
				OTHER_CFLAGS = "-DNS_BLOCK_ASSERTIONS=1";
				SDKROOT = iphoneos;
				TARGETED_DEVICE_FAMILY = 2;
				VALIDATE_PRODUCT = YES;
			};
			name = Release;
		};
		38DE4613146A19BC00D54521 /* Debug */ = {
			isa = XCBuildConfiguration;
			buildSettings = {
				CLANG_ENABLE_OBJC_ARC = YES;
				GCC_PRECOMPILE_PREFIX_HEADER = YES;
				GCC_PREFIX_HEADER = "BlindMansBluff/BlindMansBluff-Prefix.pch";
				GCC_VERSION = com.apple.compilers.llvm.clang.1_0;
				INFOPLIST_FILE = "BlindMansBluff/BlindMansBluff-Info.plist";
				PRODUCT_NAME = "$(TARGET_NAME)";
				WRAPPER_EXTENSION = app;
			};
			name = Debug;
		};
		38DE4614146A19BC00D54521 /* Release */ = {
			isa = XCBuildConfiguration;
			buildSettings = {
				CLANG_ENABLE_OBJC_ARC = YES;
				GCC_PRECOMPILE_PREFIX_HEADER = YES;
				GCC_PREFIX_HEADER = "BlindMansBluff/BlindMansBluff-Prefix.pch";
				GCC_VERSION = com.apple.compilers.llvm.clang.1_0;
				INFOPLIST_FILE = "BlindMansBluff/BlindMansBluff-Info.plist";
				PRODUCT_NAME = "$(TARGET_NAME)";
				WRAPPER_EXTENSION = app;
			};
			name = Release;
		};
/* End XCBuildConfiguration section */

/* Begin XCConfigurationList section */
		38DE45EB146A19BB00D54521 /* Build configuration list for PBXProject "BlindMansBluff" */ = {
			isa = XCConfigurationList;
			buildConfigurations = (
				38DE4610146A19BC00D54521 /* Debug */,
				38DE4611146A19BC00D54521 /* Release */,
			);
			defaultConfigurationIsVisible = 0;
			defaultConfigurationName = Release;
		};
		38DE4612146A19BC00D54521 /* Build configuration list for PBXNativeTarget "BlindMansBluff" */ = {
			isa = XCConfigurationList;
			buildConfigurations = (
				38DE4613146A19BC00D54521 /* Debug */,
				38DE4614146A19BC00D54521 /* Release */,
			);
			defaultConfigurationIsVisible = 0;
			defaultConfigurationName = Release;
		};
/* End XCConfigurationList section */
	};
	rootObject = 38DE45E8146A19BB00D54521 /* Project object */;
}
